
Microsoft Visual Studio Solution File, Format Version 12.00
# Visual Studio Version 17
VisualStudioVersion = 17.5.33516.290
MinimumVisualStudioVersion = 10.0.40219.1
Project("{FAE04EC0-301F-11D3-BF4B-00C04F79EFBC}") = "GGEats.Data", "GGEats.Data\GGEats.Data.csproj", "{6B6EA34A-FF0A-49EF-B3DB-F7384FDD6AAA}"
EndProject
Project("{FAE04EC0-301F-11D3-BF4B-00C04F79EFBC}") = "GGEats.Migrador", "GGEats.Migrador\GGEats.Migrador.csproj", "{D845487F-433D-422B-800D-6544EB82AFBF}"
EndProject
Project("{FAE04EC0-301F-11D3-BF4B-00C04F79EFBC}") = "GGEatsApp", "GGEatsApp\GGEatsApp.csproj", "{FFB2174C-0A14-4397-9E29-D43B6FFC6D2B}"
EndProject
Project("{FAE04EC0-301F-11D3-BF4B-00C04F79EFBC}") = "GGEats.UI", "GGEats.UI\GGEats.UI.csproj", "{36403811-38F9-4453-9670-6E4856B401E8}"
EndProject
Project("{FAE04EC0-301F-11D3-BF4B-00C04F79EFBC}") = "GGEats.Web", "GGEats.Web\GGEats.Web.csproj", "{443EB12F-5E88-4B5A-88DC-4B1538016FA0}"
EndProject
Global
	GlobalSection(SolutionConfigurationPlatforms) = preSolution
		Debug|Any CPU = Debug|Any CPU
		Release|Any CPU = Release|Any CPU
	EndGlobalSection
	GlobalSection(ProjectConfigurationPlatforms) = postSolution
		{6B6EA34A-FF0A-49EF-B3DB-F7384FDD6AAA}.Debug|Any CPU.ActiveCfg = Debug|Any CPU
		{6B6EA34A-FF0A-49EF-B3DB-F7384FDD6AAA}.Debug|Any CPU.Build.0 = Debug|Any CPU
		{6B6EA34A-FF0A-49EF-B3DB-F7384FDD6AAA}.Release|Any CPU.ActiveCfg = Release|Any CPU
		{6B6EA34A-FF0A-49EF-B3DB-F7384FDD6AAA}.Release|Any CPU.Build.0 = Release|Any CPU
		{D845487F-433D-422B-800D-6544EB82AFBF}.Debug|Any CPU.ActiveCfg = Debug|Any CPU
		{D845487F-433D-422B-800D-6544EB82AFBF}.Debug|Any CPU.Build.0 = Debug|Any CPU
		{D845487F-433D-422B-800D-6544EB82AFBF}.Release|Any CPU.ActiveCfg = Release|Any CPU
		{D845487F-433D-422B-800D-6544EB82AFBF}.Release|Any CPU.Build.0 = Release|Any CPU
		{FFB2174C-0A14-4397-9E29-D43B6FFC6D2B}.Debug|Any CPU.ActiveCfg = Debug|Any CPU
		{FFB2174C-0A14-4397-9E29-D43B6FFC6D2B}.Debug|Any CPU.Build.0 = Debug|Any CPU
		{FFB2174C-0A14-4397-9E29-D43B6FFC6D2B}.Release|Any CPU.ActiveCfg = Release|Any CPU
		{FFB2174C-0A14-4397-9E29-D43B6FFC6D2B}.Release|Any CPU.Build.0 = Release|Any CPU
		{36403811-38F9-4453-9670-6E4856B401E8}.Debug|Any CPU.ActiveCfg = Debug|Any CPU
		{36403811-38F9-4453-9670-6E4856B401E8}.Debug|Any CPU.Build.0 = Debug|Any CPU
		{36403811-38F9-4453-9670-6E4856B401E8}.Release|Any CPU.ActiveCfg = Release|Any CPU
		{36403811-38F9-4453-9670-6E4856B401E8}.Release|Any CPU.Build.0 = Release|Any CPU
		{443EB12F-5E88-4B5A-88DC-4B1538016FA0}.Debug|Any CPU.ActiveCfg = Debug|Any CPU
		{443EB12F-5E88-4B5A-88DC-4B1538016FA0}.Debug|Any CPU.Build.0 = Debug|Any CPU
		{443EB12F-5E88-4B5A-88DC-4B1538016FA0}.Release|Any CPU.ActiveCfg = Release|Any CPU
		{443EB12F-5E88-4B5A-88DC-4B1538016FA0}.Release|Any CPU.Build.0 = Release|Any CPU
	EndGlobalSection
	GlobalSection(SolutionProperties) = preSolution
		HideSolutionNode = FALSE
	EndGlobalSection
	GlobalSection(ExtensibilityGlobals) = postSolution
		SolutionGuid = {BC3C7465-4131-47E6-B69F-06DE8C22C767}
	EndGlobalSection
EndGlobal
